schema: '2.0'
stages:
  get_raw_data:
    cmd: python -m src.data.scripts.get_raw_data
    deps:
    - path: src/data/scripts/get_raw_data.py
      hash: md5
      md5: 5b48a455256acbe230816387a785b73e
      size: 270
    outs:
    - path: data/raw
      hash: md5
      md5: 3bc6b41870d504bdebbb57ab7be1c9dd.dir
      size: 834308554
      nfiles: 3
  train_model:
    cmd: python src/modeling/train.py
    deps:
    - path: data/raw
      hash: md5
      md5: 3bc6b41870d504bdebbb57ab7be1c9dd.dir
      size: 834308554
      nfiles: 3
    - path: src/modeling/train.py
      hash: md5
      md5: a95e9dfa825e9871858e91c3e52f8b5d
      size: 6942
    outs:
    - path: reports/emissions_report.json
      hash: md5
      md5: eed0dd4496fb82de7bc4b81efe6fad48
      size: 239
  evaluate_model:
    cmd: PYTHONPATH=. pytest tests/test_model.py -v --junitxml=results/eval.xml
    deps:
    - path: data/raw
      hash: md5
      md5: 3bc6b41870d504bdebbb57ab7be1c9dd.dir
      size: 834308554
      nfiles: 3
    - path: src/modeling/predict.py
      hash: md5
      md5: c23dec4c79c9855372bf55aef8028389
      size: 5450
    - path: tests/test_model.py
      hash: md5
      md5: 53d9799d52a868962585984db19c8e77
      size: 4034
    outs:
    - path: results/eval.xml
      hash: md5
      md5: 2c1932357960721ef556cb536326752e
      size: 980
